// !$*UTF8*$!
{
	archiveVersion = 1;
	classes = {
	};
	objectVersion = 55;
	objects = {

/* Begin PBXBuildFile section */
		DDF346C4292A1686003495A9 /* AppDelegate.swift in Sources */ = {isa = PBXBuildFile; fileRef = DDF346C3292A1686003495A9 /* AppDelegate.swift */; };
		DDF346C6292A1686003495A9 /* SceneDelegate.swift in Sources */ = {isa = PBXBuildFile; fileRef = DDF346C5292A1686003495A9 /* SceneDelegate.swift */; };
		DDF346C8292A1686003495A9 /* ViewController.swift in Sources */ = {isa = PBXBuildFile; fileRef = DDF346C7292A1686003495A9 /* ViewController.swift */; };
		DDF346CB292A1686003495A9 /* Main.storyboard in Resources */ = {isa = PBXBuildFile; fileRef = DDF346C9292A1686003495A9 /* Main.storyboard */; };
		DDF346CD292A1688003495A9 /* Assets.xcassets in Resources */ = {isa = PBXBuildFile; fileRef = DDF346CC292A1688003495A9 /* Assets.xcassets */; };
		DDF346D0292A1688003495A9 /* LaunchScreen.storyboard in Resources */ = {isa = PBXBuildFile; fileRef = DDF346CE292A1688003495A9 /* LaunchScreen.storyboard */; };
		DDF346DE292A1760003495A9 /* MainTabController.swift in Sources */ = {isa = PBXBuildFile; fileRef = DDF346DD292A1760003495A9 /* MainTabController.swift */; };
		DDF346E0292A188E003495A9 /* FeedController.swift in Sources */ = {isa = PBXBuildFile; fileRef = DDF346DF292A188E003495A9 /* FeedController.swift */; };
		DDF346E2292A189B003495A9 /* SearchController.swift in Sources */ = {isa = PBXBuildFile; fileRef = DDF346E1292A189B003495A9 /* SearchController.swift */; };
		DDF346E4292A18A5003495A9 /* ImageSelectorController.swift in Sources */ = {isa = PBXBuildFile; fileRef = DDF346E3292A18A5003495A9 /* ImageSelectorController.swift */; };
		DDF346E6292A18AF003495A9 /* NotificationController.swift in Sources */ = {isa = PBXBuildFile; fileRef = DDF346E5292A18AF003495A9 /* NotificationController.swift */; };
		DDF346E8292A18BA003495A9 /* ProfileController.swift in Sources */ = {isa = PBXBuildFile; fileRef = DDF346E7292A18BA003495A9 /* ProfileController.swift */; };
		DDF346EA292A81AA003495A9 /* FeedCell.swift in Sources */ = {isa = PBXBuildFile; fileRef = DDF346E9292A81AA003495A9 /* FeedCell.swift */; };
		DDF346EC292A825B003495A9 /* Extensions.swift in Sources */ = {isa = PBXBuildFile; fileRef = DDF346EB292A825B003495A9 /* Extensions.swift */; };
		DDF346EF292AB834003495A9 /* LoginController.swift in Sources */ = {isa = PBXBuildFile; fileRef = DDF346EE292AB834003495A9 /* LoginController.swift */; };
		DDF346F1292AB83D003495A9 /* RegisterController.swift in Sources */ = {isa = PBXBuildFile; fileRef = DDF346F0292AB83D003495A9 /* RegisterController.swift */; };
		DDF346F3292ABEC2003495A9 /* CustomTextField.swift in Sources */ = {isa = PBXBuildFile; fileRef = DDF346F2292ABEC2003495A9 /* CustomTextField.swift */; };
/* End PBXBuildFile section */

/* Begin PBXFileReference section */
		DDF346C0292A1686003495A9 /* InstagramCloneMVVM.app */ = {isa = PBXFileReference; explicitFileType = wrapper.application; includeInIndex = 0; path = InstagramCloneMVVM.app; sourceTree = BUILT_PRODUCTS_DIR; };
		DDF346C3292A1686003495A9 /* AppDelegate.swift */ = {isa = PBXFileReference; lastKnownFileType = sourcecode.swift; path = AppDelegate.swift; sourceTree = "<group>"; };
		DDF346C5292A1686003495A9 /* SceneDelegate.swift */ = {isa = PBXFileReference; lastKnownFileType = sourcecode.swift; path = SceneDelegate.swift; sourceTree = "<group>"; };
		DDF346C7292A1686003495A9 /* ViewController.swift */ = {isa = PBXFileReference; lastKnownFileType = sourcecode.swift; path = ViewController.swift; sourceTree = "<group>"; };
		DDF346CA292A1686003495A9 /* Base */ = {isa = PBXFileReference; lastKnownFileType = file.storyboard; name = Base; path = Base.lproj/Main.storyboard; sourceTree = "<group>"; };
		DDF346CC292A1688003495A9 /* Assets.xcassets */ = {isa = PBXFileReference; lastKnownFileType = folder.assetcatalog; path = Assets.xcassets; sourceTree = "<group>"; };
		DDF346CF292A1688003495A9 /* Base */ = {isa = PBXFileReference; lastKnownFileType = file.storyboard; name = Base; path = Base.lproj/LaunchScreen.storyboard; sourceTree = "<group>"; };
		DDF346D1292A1688003495A9 /* Info.plist */ = {isa = PBXFileReference; lastKnownFileType = text.plist.xml; path = Info.plist; sourceTree = "<group>"; };
		DDF346DD292A1760003495A9 /* MainTabController.swift */ = {isa = PBXFileReference; lastKnownFileType = sourcecode.swift; path = MainTabController.swift; sourceTree = "<group>"; };
		DDF346DF292A188E003495A9 /* FeedController.swift */ = {isa = PBXFileReference; lastKnownFileType = sourcecode.swift; path = FeedController.swift; sourceTree = "<group>"; };
		DDF346E1292A189B003495A9 /* SearchController.swift */ = {isa = PBXFileReference; lastKnownFileType = sourcecode.swift; path = SearchController.swift; sourceTree = "<group>"; };
		DDF346E3292A18A5003495A9 /* ImageSelectorController.swift */ = {isa = PBXFileReference; lastKnownFileType = sourcecode.swift; path = ImageSelectorController.swift; sourceTree = "<group>"; };
		DDF346E5292A18AF003495A9 /* NotificationController.swift */ = {isa = PBXFileReference; lastKnownFileType = sourcecode.swift; path = NotificationController.swift; sourceTree = "<group>"; };
		DDF346E7292A18BA003495A9 /* ProfileController.swift */ = {isa = PBXFileReference; lastKnownFileType = sourcecode.swift; path = ProfileController.swift; sourceTree = "<group>"; };
		DDF346E9292A81AA003495A9 /* FeedCell.swift */ = {isa = PBXFileReference; lastKnownFileType = sourcecode.swift; path = FeedCell.swift; sourceTree = "<group>"; };
		DDF346EB292A825B003495A9 /* Extensions.swift */ = {isa = PBXFileReference; lastKnownFileType = sourcecode.swift; path = Extensions.swift; sourceTree = "<group>"; };
		DDF346EE292AB834003495A9 /* LoginController.swift */ = {isa = PBXFileReference; lastKnownFileType = sourcecode.swift; path = LoginController.swift; sourceTree = "<group>"; };
		DDF346F0292AB83D003495A9 /* RegisterController.swift */ = {isa = PBXFileReference; lastKnownFileType = sourcecode.swift; path = RegisterController.swift; sourceTree = "<group>"; };
		DDF346F2292ABEC2003495A9 /* CustomTextField.swift */ = {isa = PBXFileReference; lastKnownFileType = sourcecode.swift; path = CustomTextField.swift; sourceTree = "<group>"; };
/* End PBXFileReference section */

/* Begin PBXFrameworksBuildPhase section */
		DDF346BD292A1686003495A9 /* Frameworks */ = {
			isa = PBXFrameworksBuildPhase;
			buildActionMask = 2147483647;
			files = (
			);
			runOnlyForDeploymentPostprocessing = 0;
		};
/* End PBXFrameworksBuildPhase section */

/* Begin PBXGroup section */
		DDF346B7292A1686003495A9 = {
			isa = PBXGroup;
			children = (
				DDF346C2292A1686003495A9 /* InstagramCloneMVVM */,
				DDF346C1292A1686003495A9 /* Products */,
			);
			sourceTree = "<group>";
		};
		DDF346C1292A1686003495A9 /* Products */ = {
			isa = PBXGroup;
			children = (
				DDF346C0292A1686003495A9 /* InstagramCloneMVVM.app */,
			);
			name = Products;
			sourceTree = "<group>";
		};
		DDF346C2292A1686003495A9 /* InstagramCloneMVVM */ = {
			isa = PBXGroup;
			children = (
				DDF346DC292A16DB003495A9 /* Utils */,
				DDF346DB292A16DA003495A9 /* API */,
				DDF346DA292A16D8003495A9 /* Controller */,
				DDF346D9292A16D6003495A9 /* ViewModel */,
				DDF346D8292A16D4003495A9 /* View */,
				DDF346D7292A16C6003495A9 /* Model */,
				DDF346C3292A1686003495A9 /* AppDelegate.swift */,
				DDF346C5292A1686003495A9 /* SceneDelegate.swift */,
				DDF346C7292A1686003495A9 /* ViewController.swift */,
				DDF346C9292A1686003495A9 /* Main.storyboard */,
				DDF346CC292A1688003495A9 /* Assets.xcassets */,
				DDF346CE292A1688003495A9 /* LaunchScreen.storyboard */,
				DDF346D1292A1688003495A9 /* Info.plist */,
			);
			path = InstagramCloneMVVM;
			sourceTree = "<group>";
		};
		DDF346D7292A16C6003495A9 /* Model */ = {
			isa = PBXGroup;
			children = (
			);
			path = Model;
			sourceTree = "<group>";
		};
		DDF346D8292A16D4003495A9 /* View */ = {
			isa = PBXGroup;
			children = (
				DDF346E9292A81AA003495A9 /* FeedCell.swift */,
				DDF346F2292ABEC2003495A9 /* CustomTextField.swift */,
			);
			path = View;
			sourceTree = "<group>";
		};
		DDF346D9292A16D6003495A9 /* ViewModel */ = {
			isa = PBXGroup;
			children = (
			);
			path = ViewModel;
			sourceTree = "<group>";
		};
		DDF346DA292A16D8003495A9 /* Controller */ = {
			isa = PBXGroup;
			children = (
				DDF346ED292AB81F003495A9 /* Authentication */,
				DDF346DD292A1760003495A9 /* MainTabController.swift */,
				DDF346DF292A188E003495A9 /* FeedController.swift */,
				DDF346E1292A189B003495A9 /* SearchController.swift */,
				DDF346E3292A18A5003495A9 /* ImageSelectorController.swift */,
				DDF346E5292A18AF003495A9 /* NotificationController.swift */,
				DDF346E7292A18BA003495A9 /* ProfileController.swift */,
			);
			path = Controller;
			sourceTree = "<group>";
		};
		DDF346DB292A16DA003495A9 /* API */ = {
			isa = PBXGroup;
			children = (
			);
			path = API;
			sourceTree = "<group>";
		};
		DDF346DC292A16DB003495A9 /* Utils */ = {
			isa = PBXGroup;
			children = (
				DDF346EB292A825B003495A9 /* Extensions.swift */,
			);
			path = Utils;
			sourceTree = "<group>";
		};
		DDF346ED292AB81F003495A9 /* Authentication */ = {
			isa = PBXGroup;
			children = (
				DDF346EE292AB834003495A9 /* LoginController.swift */,
				DDF346F0292AB83D003495A9 /* RegisterController.swift */,
			);
			path = Authentication;
			sourceTree = "<group>";
		};
/* End PBXGroup section */

/* Begin PBXNativeTarget section */
		DDF346BF292A1686003495A9 /* InstagramCloneMVVM */ = {
			isa = PBXNativeTarget;
			buildConfigurationList = DDF346D4292A1688003495A9 /* Build configuration list for PBXNativeTarget "InstagramCloneMVVM" */;
			buildPhases = (
				DDF346BC292A1686003495A9 /* Sources */,
				DDF346BD292A1686003495A9 /* Frameworks */,
				DDF346BE292A1686003495A9 /* Resources */,
			);
			buildRules = (
			);
			dependencies = (
			);
			name = InstagramCloneMVVM;
			productName = InstagramCloneMVVM;
			productReference = DDF346C0292A1686003495A9 /* InstagramCloneMVVM.app */;
			productType = "com.apple.product-type.application";
		};
/* End PBXNativeTarget section */

/* Begin PBXProject section */
		DDF346B8292A1686003495A9 /* Project object */ = {
			isa = PBXProject;
			attributes = {
				BuildIndependentTargetsInParallel = 1;
				LastSwiftUpdateCheck = 1340;
				LastUpgradeCheck = 1340;
				TargetAttributes = {
					DDF346BF292A1686003495A9 = {
						CreatedOnToolsVersion = 13.4.1;
					};
				};
			};
			buildConfigurationList = DDF346BB292A1686003495A9 /* Build configuration list for PBXProject "InstagramCloneMVVM" */;
			compatibilityVersion = "Xcode 13.0";
			developmentRegion = en;
			hasScannedForEncodings = 0;
			knownRegions = (
				en,
				Base,
			);
			mainGroup = DDF346B7292A1686003495A9;
			productRefGroup = DDF346C1292A1686003495A9 /* Products */;
			projectDirPath = "";
			projectRoot = "";
			targets = (
				DDF346BF292A1686003495A9 /* InstagramCloneMVVM */,
			);
		};
/* End PBXProject section */

/* Begin PBXResourcesBuildPhase section */
		DDF346BE292A1686003495A9 /* Resources */ = {
			isa = PBXResourcesBuildPhase;
			buildActionMask = 2147483647;
			files = (
				DDF346D0292A1688003495A9 /* LaunchScreen.storyboard in Resources */,
				DDF346CD292A1688003495A9 /* Assets.xcassets in Resources */,
				DDF346CB292A1686003495A9 /* Main.storyboard in Resources */,
			);
			runOnlyForDeploymentPostprocessing = 0;
		};
/* End PBXResourcesBuildPhase section */

/* Begin PBXSourcesBuildPhase section */
		DDF346BC292A1686003495A9 /* Sources */ = {
			isa = PBXSourcesBuildPhase;
			buildActionMask = 2147483647;
			files = (
				DDF346F3292ABEC2003495A9 /* CustomTextField.swift in Sources */,
				DDF346C8292A1686003495A9 /* ViewController.swift in Sources */,
				DDF346F1292AB83D003495A9 /* RegisterController.swift in Sources */,
				DDF346EF292AB834003495A9 /* LoginController.swift in Sources */,
				DDF346EA292A81AA003495A9 /* FeedCell.swift in Sources */,
				DDF346E4292A18A5003495A9 /* ImageSelectorController.swift in Sources */,
				DDF346E6292A18AF003495A9 /* NotificationController.swift in Sources */,
				DDF346E2292A189B003495A9 /* SearchController.swift in Sources */,
				DDF346C4292A1686003495A9 /* AppDelegate.swift in Sources */,
				DDF346E8292A18BA003495A9 /* ProfileController.swift in Sources */,
				DDF346E0292A188E003495A9 /* FeedController.swift in Sources */,
				DDF346DE292A1760003495A9 /* MainTabController.swift in Sources */,
				DDF346EC292A825B003495A9 /* Extensions.swift in Sources */,
				DDF346C6292A1686003495A9 /* SceneDelegate.swift in Sources */,
			);
			runOnlyForDeploymentPostprocessing = 0;
		};
/* End PBXSourcesBuildPhase section */

/* Begin PBXVariantGroup section */
		DDF346C9292A1686003495A9 /* Main.storyboard */ = {
			isa = PBXVariantGroup;
			children = (
				DDF346CA292A1686003495A9 /* Base */,
			);
			name = Main.storyboard;
			sourceTree = "<group>";
		};
		DDF346CE292A1688003495A9 /* LaunchScreen.storyboard */ = {
			isa = PBXVariantGroup;
			children = (
				DDF346CF292A1688003495A9 /* Base */,
			);
			name = LaunchScreen.storyboard;
			sourceTree = "<group>";
		};
/* End PBXVariantGroup section */

/* Begin XCBuildConfiguration section */
		DDF346D2292A1688003495A9 /* Debug */ = {
			isa = XCBuildConfiguration;
			buildSettings = {
				ALWAYS_SEARCH_USER_PATHS = NO;
				CLANG_ANALYZER_NONNULL = YES;
				CLANG_ANALYZER_NUMBER_OBJECT_CONVERSION = YES_AGGRESSIVE;
				CLANG_CXX_LANGUAGE_STANDARD = "gnu++17";
				CLANG_ENABLE_MODULES = YES;
				CLANG_ENABLE_OBJC_ARC = YES;
				CLANG_ENABLE_OBJC_WEAK = YES;
				CLANG_WARN_BLOCK_CAPTURE_AUTORELEASING = YES;
				CLANG_WARN_BOOL_CONVERSION = YES;
				CLANG_WARN_COMMA = YES;
				CLANG_WARN_CONSTANT_CONVERSION = YES;
				CLANG_WARN_DEPRECATED_OBJC_IMPLEMENTATIONS = YES;
				CLANG_WARN_DIRECT_OBJC_ISA_USAGE = YES_ERROR;
				CLANG_WARN_DOCUMENTATION_COMMENTS = YES;
				CLANG_WARN_EMPTY_BODY = YES;
				CLANG_WARN_ENUM_CONVERSION = YES;
				CLANG_WARN_INFINITE_RECURSION = YES;
				CLANG_WARN_INT_CONVERSION = YES;
				CLANG_WARN_NON_LITERAL_NULL_CONVERSION = YES;
				CLANG_WARN_OBJC_IMPLICIT_RETAIN_SELF = YES;
				CLANG_WARN_OBJC_LITERAL_CONVERSION = YES;
				CLANG_WARN_OBJC_ROOT_CLASS = YES_ERROR;
				CLANG_WARN_QUOTED_INCLUDE_IN_FRAMEWORK_HEADER = YES;
				CLANG_WARN_RANGE_LOOP_ANALYSIS = YES;
				CLANG_WARN_STRICT_PROTOTYPES = YES;
				CLANG_WARN_SUSPICIOUS_MOVE = YES;
				CLANG_WARN_UNGUARDED_AVAILABILITY = YES_AGGRESSIVE;
				CLANG_WARN_UNREACHABLE_CODE = YES;
				CLANG_WARN__DUPLICATE_METHOD_MATCH = YES;
				COPY_PHASE_STRIP = NO;
				DEBUG_INFORMATION_FORMAT = dwarf;
				ENABLE_STRICT_OBJC_MSGSEND = YES;
				ENABLE_TESTABILITY = YES;
				GCC_C_LANGUAGE_STANDARD = gnu11;
				GCC_DYNAMIC_NO_PIC = NO;
				GCC_NO_COMMON_BLOCKS = YES;
				GCC_OPTIMIZATION_LEVEL = 0;
				GCC_PREPROCESSOR_DEFINITIONS = (
					"DEBUG=1",
					"$(inherited)",
				);
				GCC_WARN_64_TO_32_BIT_CONVERSION = YES;
				GCC_WARN_ABOUT_RETURN_TYPE = YES_ERROR;
				GCC_WARN_UNDECLARED_SELECTOR = YES;
				GCC_WARN_UNINITIALIZED_AUTOS = YES_AGGRESSIVE;
				GCC_WARN_UNUSED_FUNCTION = YES;
				GCC_WARN_UNUSED_VARIABLE = YES;
				IPHONEOS_DEPLOYMENT_TARGET = 15.5;
				MTL_ENABLE_DEBUG_INFO = INCLUDE_SOURCE;
				MTL_FAST_MATH = YES;
				ONLY_ACTIVE_ARCH = YES;
				SDKROOT = iphoneos;
				SWIFT_ACTIVE_COMPILATION_CONDITIONS = DEBUG;
				SWIFT_OPTIMIZATION_LEVEL = "-Onone";
			};
			name = Debug;
		};
		DDF346D3292A1688003495A9 /* Release */ = {
			isa = XCBuildConfiguration;
			buildSettings = {
				ALWAYS_SEARCH_USER_PATHS = NO;
				CLANG_ANALYZER_NONNULL = YES;
				CLANG_ANALYZER_NUMBER_OBJECT_CONVERSION = YES_AGGRESSIVE;
				CLANG_CXX_LANGUAGE_STANDARD = "gnu++17";
				CLANG_ENABLE_MODULES = YES;
				CLANG_ENABLE_OBJC_ARC = YES;
				CLANG_ENABLE_OBJC_WEAK = YES;
				CLANG_WARN_BLOCK_CAPTURE_AUTORELEASING = YES;
				CLANG_WARN_BOOL_CONVERSION = YES;
				CLANG_WARN_COMMA = YES;
				CLANG_WARN_CONSTANT_CONVERSION = YES;
				CLANG_WARN_DEPRECATED_OBJC_IMPLEMENTATIONS = YES;
				CLANG_WARN_DIRECT_OBJC_ISA_USAGE = YES_ERROR;
				CLANG_WARN_DOCUMENTATION_COMMENTS = YES;
				CLANG_WARN_EMPTY_BODY = YES;
				CLANG_WARN_ENUM_CONVERSION = YES;
				CLANG_WARN_INFINITE_RECURSION = YES;
				CLANG_WARN_INT_CONVERSION = YES;
				CLANG_WARN_NON_LITERAL_NULL_CONVERSION = YES;
				CLANG_WARN_OBJC_IMPLICIT_RETAIN_SELF = YES;
				CLANG_WARN_OBJC_LITERAL_CONVERSION = YES;
				CLANG_WARN_OBJC_ROOT_CLASS = YES_ERROR;
				CLANG_WARN_QUOTED_INCLUDE_IN_FRAMEWORK_HEADER = YES;
				CLANG_WARN_RANGE_LOOP_ANALYSIS = YES;
				CLANG_WARN_STRICT_PROTOTYPES = YES;
				CLANG_WARN_SUSPICIOUS_MOVE = YES;
				CLANG_WARN_UNGUARDED_AVAILABILITY = YES_AGGRESSIVE;
				CLANG_WARN_UNREACHABLE_CODE = YES;
				CLANG_WARN__DUPLICATE_METHOD_MATCH = YES;
				COPY_PHASE_STRIP = NO;
				DEBUG_INFORMATION_FORMAT = "dwarf-with-dsym";
				ENABLE_NS_ASSERTIONS = NO;
				ENABLE_STRICT_OBJC_MSGSEND = YES;
				GCC_C_LANGUAGE_STANDARD = gnu11;
				GCC_NO_COMMON_BLOCKS = YES;
				GCC_WARN_64_TO_32_BIT_CONVERSION = YES;
				GCC_WARN_ABOUT_RETURN_TYPE = YES_ERROR;
				GCC_WARN_UNDECLARED_SELECTOR = YES;
				GCC_WARN_UNINITIALIZED_AUTOS = YES_AGGRESSIVE;
				GCC_WARN_UNUSED_FUNCTION = YES;
				GCC_WARN_UNUSED_VARIABLE = YES;
				IPHONEOS_DEPLOYMENT_TARGET = 15.5;
				MTL_ENABLE_DEBUG_INFO = NO;
				MTL_FAST_MATH = YES;
				SDKROOT = iphoneos;
				SWIFT_COMPILATION_MODE = wholemodule;
				SWIFT_OPTIMIZATION_LEVEL = "-O";
				VALIDATE_PRODUCT = YES;
			};
			name = Release;
		};
		DDF346D5292A1688003495A9 /* Debug */ = {
			isa = XCBuildConfiguration;
			buildSettings = {
				ASSETCATALOG_COMPILER_APPICON_NAME = AppIcon;
				ASSETCATALOG_COMPILER_GLOBAL_ACCENT_COLOR_NAME = AccentColor;
				CODE_SIGN_STYLE = Automatic;
				CURRENT_PROJECT_VERSION = 1;
				DEVELOPMENT_TEAM = BK6GX2R98Y;
				GENERATE_INFOPLIST_FILE = YES;
				INFOPLIST_FILE = InstagramCloneMVVM/Info.plist;
				INFOPLIST_KEY_UIApplicationSupportsIndirectInputEvents = YES;
				INFOPLIST_KEY_UILaunchStoryboardName = LaunchScreen;
				INFOPLIST_KEY_UIMainStoryboardFile = Main;
				INFOPLIST_KEY_UISupportedInterfaceOrientations_iPad = "UIInterfaceOrientationPortrait UIInterfaceOrientationPortraitUpsideDown UIInterfaceOrientationLandscapeLeft UIInterfaceOrientationLandscapeRight";
				INFOPLIST_KEY_UISupportedInterfaceOrientations_iPhone = "UIInterfaceOrientationPortrait UIInterfaceOrientationLandscapeLeft UIInterfaceOrientationLandscapeRight";
				LD_RUNPATH_SEARCH_PATHS = (
					"$(inherited)",
					"@executable_path/Frameworks",
				);
				MARKETING_VERSION = 1.0;
				PRODUCT_BUNDLE_IDENTIFIER = com.muscandev.InstagramCloneMVVM;
				PRODUCT_NAME = "$(TARGET_NAME)";
				SWIFT_EMIT_LOC_STRINGS = YES;
				SWIFT_VERSION = 5.0;
				TARGETED_DEVICE_FAMILY = "1,2";
			};
			name = Debug;
		};
		DDF346D6292A1688003495A9 /* Release */ = {
			isa = XCBuildConfiguration;
			buildSettings = {
				ASSETCATALOG_COMPILER_APPICON_NAME = AppIcon;
				ASSETCATALOG_COMPILER_GLOBAL_ACCENT_COLOR_NAME = AccentColor;
				CODE_SIGN_STYLE = Automatic;
				CURRENT_PROJECT_VERSION = 1;
				DEVELOPMENT_TEAM = BK6GX2R98Y;
				GENERATE_INFOPLIST_FILE = YES;
				INFOPLIST_FILE = InstagramCloneMVVM/Info.plist;
				INFOPLIST_KEY_UIApplicationSupportsIndirectInputEvents = YES;
				INFOPLIST_KEY_UILaunchStoryboardName = LaunchScreen;
				INFOPLIST_KEY_UIMainStoryboardFile = Main;
				INFOPLIST_KEY_UISupportedInterfaceOrientations_iPad = "UIInterfaceOrientationPortrait UIInterfaceOrientationPortraitUpsideDown UIInterfaceOrientationLandscapeLeft UIInterfaceOrientationLandscapeRight";
				INFOPLIST_KEY_UISupportedInterfaceOrientations_iPhone = "UIInterfaceOrientationPortrait UIInterfaceOrientationLandscapeLeft UIInterfaceOrientationLandscapeRight";
				LD_RUNPATH_SEARCH_PATHS = (
					"$(inherited)",
					"@executable_path/Frameworks",
				);
				MARKETING_VERSION = 1.0;
				PRODUCT_BUNDLE_IDENTIFIER = com.muscandev.InstagramCloneMVVM;
				PRODUCT_NAME = "$(TARGET_NAME)";
				SWIFT_EMIT_LOC_STRINGS = YES;
				SWIFT_VERSION = 5.0;
				TARGETED_DEVICE_FAMILY = "1,2";
			};
			name = Release;
		};
/* End XCBuildConfiguration section */

/* Begin XCConfigurationList section */
		DDF346BB292A1686003495A9 /* Build configuration list for PBXProject "InstagramCloneMVVM" */ = {
			isa = XCConfigurationList;
			buildConfigurations = (
				DDF346D2292A1688003495A9 /* Debug */,
				DDF346D3292A1688003495A9 /* Release */,
			);
			defaultConfigurationIsVisible = 0;
			defaultConfigurationName = Release;
		};
		DDF346D4292A1688003495A9 /* Build configuration list for PBXNativeTarget "InstagramCloneMVVM" */ = {
			isa = XCConfigurationList;
			buildConfigurations = (
				DDF346D5292A1688003495A9 /* Debug */,
				DDF346D6292A1688003495A9 /* Release */,
			);
			defaultConfigurationIsVisible = 0;
			defaultConfigurationName = Release;
		};
/* End XCConfigurationList section */
	};
	rootObject = DDF346B8292A1686003495A9 /* Project object */;
}
